<Solution>
  <Folder Name="/bench/">
    <Project Path="bench/TickForge.Benchmarks/TickForge.Benchmarks.csproj" />
  </Folder>
  <Folder Name="/src/">
    <Project Path="src/TickForge.App/TickForge.App.csproj" />
    <Project Path="src/TickForge.Core/TickForge.Core.csproj" />
    <Project Path="src/TickForge.Feeds/TickForge.Feeds.csproj" />
    <Project Path="src/TickForge.Latency/TickForge.Latency.csproj" />
  </Folder>
  <Folder Name="/tests/">
    <Project Path="tests/TickForge.Tests/TickForge.Tests.csproj" />
  </Folder>
</Solution>
